
Microsoft Visual Studio Solution File, Format Version 12.00
# Visual Studio 15
VisualStudioVersion = 15.0.27428.2037
MinimumVisualStudioVersion = 10.0.40219.1
Project("{FAE04EC0-301F-11D3-BF4B-00C04F79EFBC}") = "Pszczola", "Pszczola\Pszczola.csproj", "{91C411BA-3E95-4409-9A73-B09274BD3C62}"
EndProject
Global
	GlobalSection(SolutionConfigurationPlatforms) = preSolution
		Debug|Any CPU = Debug|Any CPU
		Release|Any CPU = Release|Any CPU
	EndGlobalSection
	GlobalSection(ProjectConfigurationPlatforms) = postSolution
		{91C411BA-3E95-4409-9A73-B09274BD3C62}.Debug|Any CPU.ActiveCfg = Debug|Any CPU
		{91C411BA-3E95-4409-9A73-B09274BD3C62}.Debug|Any CPU.Build.0 = Debug|Any CPU
		{91C411BA-3E95-4409-9A73-B09274BD3C62}.Release|Any CPU.ActiveCfg = Release|Any CPU
		{91C411BA-3E95-4409-9A73-B09274BD3C62}.Release|Any CPU.Build.0 = Release|Any CPU
	EndGlobalSection
	GlobalSection(SolutionProperties) = preSolution
		HideSolutionNode = FALSE
	EndGlobalSection
	GlobalSection(ExtensibilityGlobals) = postSolution
		SolutionGuid = {9DF63767-CD30-4635-9238-4232F76AC19C}
	EndGlobalSection
EndGlobal
